
Microsoft Visual Studio Solution File, Format Version 12.00
# Visual Studio Version 17
VisualStudioVersion = 17.7.34202.233
MinimumVisualStudioVersion = 10.0.40219.1
Project("{FAE04EC0-301F-11D3-BF4B-00C04F79EFBC}") = "WebApplication1", "WebApplication1.csproj", "{2D69F797-D457-4905-9E44-AA5B98584EDF}"
EndProject
Project("{FAE04EC0-301F-11D3-BF4B-00C04F79EFBC}") = "frontendapp", "..\frontendapp\frontendapp.csproj", "{7F68F2C1-A2A4-4161-AC08-3429D0AB065C}"
EndProject
Global
	GlobalSection(SolutionConfigurationPlatforms) = preSolution
		Debug|Any CPU = Debug|Any CPU
		Release|Any CPU = Release|Any CPU
	EndGlobalSection
	GlobalSection(ProjectConfigurationPlatforms) = postSolution
		{2D69F797-D457-4905-9E44-AA5B98584EDF}.Debug|Any CPU.ActiveCfg = Debug|Any CPU
		{2D69F797-D457-4905-9E44-AA5B98584EDF}.Debug|Any CPU.Build.0 = Debug|Any CPU
		{2D69F797-D457-4905-9E44-AA5B98584EDF}.Release|Any CPU.ActiveCfg = Release|Any CPU
		{2D69F797-D457-4905-9E44-AA5B98584EDF}.Release|Any CPU.Build.0 = Release|Any CPU
		{7F68F2C1-A2A4-4161-AC08-3429D0AB065C}.Debug|Any CPU.ActiveCfg = Debug|Any CPU
		{7F68F2C1-A2A4-4161-AC08-3429D0AB065C}.Debug|Any CPU.Build.0 = Debug|Any CPU
		{7F68F2C1-A2A4-4161-AC08-3429D0AB065C}.Release|Any CPU.ActiveCfg = Release|Any CPU
		{7F68F2C1-A2A4-4161-AC08-3429D0AB065C}.Release|Any CPU.Build.0 = Release|Any CPU
	EndGlobalSection
	GlobalSection(SolutionProperties) = preSolution
		HideSolutionNode = FALSE
	EndGlobalSection
	GlobalSection(ExtensibilityGlobals) = postSolution
		SolutionGuid = {A16C1C6C-7C7C-41E8-ABE1-5F4F23930603}
	EndGlobalSection
EndGlobal
